PODS:
  - Apollo (0.53.0):
    - Apollo/Core (= 0.53.0)
  - Apollo/Core (0.53.0)
  - PromiseKit (6.18.1):
    - PromiseKit/CorePromise (= 6.18.1)
    - PromiseKit/Foundation (= 6.18.1)
    - PromiseKit/UIKit (= 6.18.1)
  - PromiseKit/CorePromise (6.18.1)
  - PromiseKit/Foundation (6.18.1):
    - PromiseKit/CorePromise
  - PromiseKit/UIKit (6.18.1):
    - PromiseKit/CorePromise

DEPENDENCIES:
  - Apollo
  - PromiseKit

SPEC REPOS:
  trunk:
    - Apollo
    - PromiseKit

SPEC CHECKSUMS:
  Apollo: 204819ea82022fbc59ad05056820df867f19bd02
  PromiseKit: 49d70c53d5d20e346beaea4b276b5dd2ab446bb4

PODFILE CHECKSUM: 7940522d063944ed0f7dd21c72feb09527686274

COCOAPODS: 1.11.3
